
Microsoft Visual Studio Solution File, Format Version 12.00
Project("{FAE04EC0-301F-11D3-BF4B-00C04F79EFBC}") = "VSAMinimalApi", "src\VSAMinimalApi\VSAMinimalApi.csproj", "{5DDF989D-CDC5-4EC8-8E25-48465B248EFC}"
EndProject
Project("{2150E333-8FDC-42A3-9474-1A3956D46DE8}") = "src", "src", "{4F744E59-AB8E-4652-89EF-FFA4C9FC197F}"
EndProject
Global
	GlobalSection(SolutionConfigurationPlatforms) = preSolution
		Debug|Any CPU = Debug|Any CPU
		Release|Any CPU = Release|Any CPU
	EndGlobalSection
	GlobalSection(ProjectConfigurationPlatforms) = postSolution
		{5DDF989D-CDC5-4EC8-8E25-48465B248EFC}.Debug|Any CPU.ActiveCfg = Debug|Any CPU
		{5DDF989D-CDC5-4EC8-8E25-48465B248EFC}.Debug|Any CPU.Build.0 = Debug|Any CPU
		{5DDF989D-CDC5-4EC8-8E25-48465B248EFC}.Release|Any CPU.ActiveCfg = Release|Any CPU
		{5DDF989D-CDC5-4EC8-8E25-48465B248EFC}.Release|Any CPU.Build.0 = Release|Any CPU
	EndGlobalSection
	GlobalSection(NestedProjects) = preSolution
		{5DDF989D-CDC5-4EC8-8E25-48465B248EFC} = {4F744E59-AB8E-4652-89EF-FFA4C9FC197F}
	EndGlobalSection
EndGlobal
